{
  "name": "npm-jsr-test",
  "version": "1.0.0",
  "lockfileVersion": 3,
  "requires": true,
  "packages": {
    "": {
      "name": "npm-jsr-test",
      "version": "1.0.0",
      "license": "ISC",
      "dependencies": {
        "@std/async": "npm:@jsr/std__async@^0.224.2"
      }
    },
    "node_modules/@std/async": {
      "name": "@jsr/std__async",
      "version": "0.224.2",
      "resolved": "https://npm.jsr.io/~/11/@jsr/std__async/0.224.2.tgz",
      "integrity": "sha512-Yjj6RXpw4xqnxR94IwYaJgP8cVGRT2nokAts07eG98PbfXXDCc8TqE3twVwOD9xYJ0u/ND09SvsGvVxe/O2cwQ=="
    }
  }
}
